
Microsoft Visual Studio Solution File, Format Version 12.00
# Visual Studio Version 17
VisualStudioVersion = 17.2.32616.157
MinimumVisualStudioVersion = 10.0.40219.1
Project("{FAE04EC0-301F-11D3-BF4B-00C04F79EFBC}") = "GTFileMonitorService", "GTFileMonitorService\GTFileMonitorService.csproj", "{0A4E5C49-1CF6-497B-BA1A-763B6A445D82}"
EndProject
Project("{54435603-DBB4-11D2-8724-00A0C9A8B90C}") = "GTFileMonitorServiceInstaller", "GTFileMonitorServiceInstaller\GTFileMonitorServiceInstaller.vdproj", "{CFA9EDF3-7DBD-435F-A820-0F8AE28B880F}"
EndProject
Global
	GlobalSection(SolutionConfigurationPlatforms) = preSolution
		Debug|Any CPU = Debug|Any CPU
		Release|Any CPU = Release|Any CPU
	EndGlobalSection
	GlobalSection(ProjectConfigurationPlatforms) = postSolution
		{0A4E5C49-1CF6-497B-BA1A-763B6A445D82}.Debug|Any CPU.ActiveCfg = Debug|Any CPU
		{0A4E5C49-1CF6-497B-BA1A-763B6A445D82}.Debug|Any CPU.Build.0 = Debug|Any CPU
		{0A4E5C49-1CF6-497B-BA1A-763B6A445D82}.Release|Any CPU.ActiveCfg = Release|Any CPU
		{0A4E5C49-1CF6-497B-BA1A-763B6A445D82}.Release|Any CPU.Build.0 = Release|Any CPU
		{CFA9EDF3-7DBD-435F-A820-0F8AE28B880F}.Debug|Any CPU.ActiveCfg = Debug
		{CFA9EDF3-7DBD-435F-A820-0F8AE28B880F}.Release|Any CPU.ActiveCfg = Release
	EndGlobalSection
	GlobalSection(SolutionProperties) = preSolution
		HideSolutionNode = FALSE
	EndGlobalSection
	GlobalSection(ExtensibilityGlobals) = postSolution
		SolutionGuid = {64B30F7F-BC3C-4132-977A-942800958442}
	EndGlobalSection
EndGlobal
